{
  "name": "@sigrh/mobile",
  "version": "0.0.1",
  "lockfileVersion": 1,
  "requires": true,
  "dependencies": {
    "@capacitor/android": {
      "version": "3.4.1",
      "resolved": "https://registry.npmjs.org/@capacitor/android/-/android-3.4.1.tgz",
      "integrity": "sha512-4qQGEdZTW8W01PTOzSScmx9NBDcsi1GRl32tyYnpQrjdH2f7hI9OX2MLbNkirtOwKNCDeinQfEqqn0hVCkgHag=="
    },
    "@capacitor/storage": {
      "version": "1.2.4",
      "resolved": "https://registry.npmjs.org/@capacitor/storage/-/storage-1.2.4.tgz",
      "integrity": "sha512-AqA4KnCQNOmFJ1HuSfmyPf5jz80JY2cX04Uy4j1hpo5ex9bY6W8mUKLsePakTzt4ScDnYuOaXsmusUrpglgPfQ=="
    }
  }
}
